
Microsoft Visual Studio Solution File, Format Version 12.00
# Visual Studio Version 17
VisualStudioVersion = 17.14.36429.23
MinimumVisualStudioVersion = 10.0.40219.1
Project("{2150E333-8FDC-42A3-9474-1A3956D46DE8}") = "Task0", "Task0", "{02EA681E-C7D8-13C7-8484-4AC65E1B71E8}"
EndProject
Project("{FAE04EC0-301F-11D3-BF4B-00C04F79EFBC}") = "Tyuiu.GoryaevTT.Sprint1.Task0.V10", "Tyuiu.GoryaevTT.Sprint1.Task0.V10\Tyuiu.GoryaevTT.Sprint1.Task0.V10.csproj", "{59D15985-8DE4-42CB-94E5-D2C038C2ED59}"
EndProject
Project("{FAE04EC0-301F-11D3-BF4B-00C04F79EFBC}") = "Tyuiu.GoryaevTT.Sprint1.Task0.V10.Lib", "Tyuiu.GoryaevTT.Sprint1.Task0.V10.Lib\Tyuiu.GoryaevTT.Sprint1.Task0.V10.Lib.csproj", "{CECADA30-5D3B-4A68-A942-D8A824F79752}"
EndProject
Project("{FAE04EC0-301F-11D3-BF4B-00C04F79EFBC}") = "Tyuiu.GoryaevTT.Sprint1.Task0.V10.Test", "Tyuiu.GoryaevTT.Sprint1.Task0.V10.Test\Tyuiu.GoryaevTT.Sprint1.Task0.V10.Test.csproj", "{F8F3D0AB-F428-422D-8DED-B534B6A52C36}"
EndProject
Project("{2150E333-8FDC-42A3-9474-1A3956D46DE8}") = "Task1", "Task1", "{7561BB03-6CA6-4C66-929A-714FA5FAB3D7}"
EndProject
Project("{2150E333-8FDC-42A3-9474-1A3956D46DE8}") = "Task2", "Task2", "{C2F55717-85EE-422E-BF69-85A9E7200778}"
EndProject
Project("{2150E333-8FDC-42A3-9474-1A3956D46DE8}") = "Task3", "Task3", "{FB2695DE-6CD6-43F9-ACF4-134F06FA47DE}"
EndProject
Project("{2150E333-8FDC-42A3-9474-1A3956D46DE8}") = "Task4", "Task4", "{1B81E4B0-D8AB-49B3-9830-6CAB48FE9508}"
EndProject
Project("{2150E333-8FDC-42A3-9474-1A3956D46DE8}") = "Task5", "Task5", "{20C19E6A-EFC0-4F27-A255-05BE9BC77637}"
EndProject
Project("{2150E333-8FDC-42A3-9474-1A3956D46DE8}") = "Task6", "Task6", "{F82FE99B-06E6-44C7-9EC5-8FE8B6A918B9}"
EndProject
Project("{2150E333-8FDC-42A3-9474-1A3956D46DE8}") = "Task7", "Task7", "{F1F04FDA-7F7C-4FF7-B0BA-C486B999EF6B}"
EndProject
Project("{FAE04EC0-301F-11D3-BF4B-00C04F79EFBC}") = "Tyuiu.GoryaevTT.Sprint1.Task1.V10", "Tyuiu.GoryaevTT.Sprint1.Task1.V10\Tyuiu.GoryaevTT.Sprint1.Task1.V10.csproj", "{8FD0686F-24BE-41FB-BA6C-8246A911A88C}"
EndProject
Project("{FAE04EC0-301F-11D3-BF4B-00C04F79EFBC}") = "Tyuiu.GoryaevTT.Sprint1.Task1.V10.Lib", "Tyuiu.GoryaevTT.Sprint1.Task1.V10.Lib\Tyuiu.GoryaevTT.Sprint1.Task1.V10.Lib.csproj", "{5FE33F74-AA5D-45FA-B17E-B8D9B1D022CB}"
EndProject
Project("{FAE04EC0-301F-11D3-BF4B-00C04F79EFBC}") = "Tyuiu.GoryaevTT.Sprint1.Task1.V10.Test", "Tyuiu.GoryaevTT.Sprint1.Task1.V10.Test\Tyuiu.GoryaevTT.Sprint1.Task1.V10.Test.csproj", "{164513F1-95A2-4046-B6AF-866806083031}"
EndProject
Project("{FAE04EC0-301F-11D3-BF4B-00C04F79EFBC}") = "Tyuiu.GoryaevTT.Sprint1.Task2.V15", "Tyuiu.GoryaevTT.Sprint1.Task2.V15\Tyuiu.GoryaevTT.Sprint1.Task2.V15.csproj", "{95319EA0-01B8-4489-9AD4-08B7B2A64E73}"
EndProject
Project("{FAE04EC0-301F-11D3-BF4B-00C04F79EFBC}") = "Tyuiu.GoryaevTT.Sprint1.Task2.V15.Lib", "Tyuiu.GoryaevTT.Sprint1.Task2.V15.Lib\Tyuiu.GoryaevTT.Sprint1.Task2.V15.Lib.csproj", "{DF1EABCF-DC59-418D-9D48-1E48E1485CA2}"
EndProject
Project("{FAE04EC0-301F-11D3-BF4B-00C04F79EFBC}") = "Tyuiu.GoryaevTT.Sprint1.Task2.V15.Test", "Tyuiu.GoryaevTT.Sprint1.Task2.V15.Test\Tyuiu.GoryaevTT.Sprint1.Task2.V15.Test.csproj", "{91981895-D57E-48D0-9081-69C39DBD1B2E}"
EndProject
Project("{FAE04EC0-301F-11D3-BF4B-00C04F79EFBC}") = "Tyuiu.GoryaevTT.Sprint1.Task3.V3", "Tyuiu.GoryaevTT.Sprint1.Task3.V3\Tyuiu.GoryaevTT.Sprint1.Task3.V3.csproj", "{F7A70D20-8B28-4676-B1B8-85CFD8A7BFBA}"
EndProject
Project("{FAE04EC0-301F-11D3-BF4B-00C04F79EFBC}") = "Tyuiu.GoryaevTT.Sprint1.Task3.V3.Lib", "Tyuiu.GoryaevTT.Sprint1.Task3.V3.Lib\Tyuiu.GoryaevTT.Sprint1.Task3.V3.Lib.csproj", "{2D5AFC54-0FB3-4E68-AB71-B59EF5F9D1F6}"
EndProject
Project("{FAE04EC0-301F-11D3-BF4B-00C04F79EFBC}") = "Tyuiu.GoryaevTT.Sprint1.Task3.V3.Test", "Tyuiu.GoryaevTT.Sprint1.Task3.V3.Test\Tyuiu.GoryaevTT.Sprint1.Task3.V3.Test.csproj", "{D08BDEE0-631C-4AA6-8B48-DA79DA0A6F25}"
EndProject
Project("{FAE04EC0-301F-11D3-BF4B-00C04F79EFBC}") = "Tyuiu.GoryaevTT.Sprint1.Task4.V13", "Tyuiu.GoryaevTT.Sprint1.Task4.V13\Tyuiu.GoryaevTT.Sprint1.Task4.V13.csproj", "{F0CBA992-E08A-4DF4-B301-DD5B246D7603}"
EndProject
Project("{FAE04EC0-301F-11D3-BF4B-00C04F79EFBC}") = "Tyuiu.GoryaevTT.Sprint1.Task4.V13.Lib", "Tyuiu.GoryaevTT.Sprint1.Task4.V13.Lib\Tyuiu.GoryaevTT.Sprint1.Task4.V13.Lib.csproj", "{331C1987-A01C-43AC-B693-072DB9AD56BE}"
EndProject
Project("{FAE04EC0-301F-11D3-BF4B-00C04F79EFBC}") = "Tyuiu.GoryaevTT.Sprint1.Task4.V13.Test", "Tyuiu.GoryaevTT.Sprint1.Task4.V13.Test\Tyuiu.GoryaevTT.Sprint1.Task4.V13.Test.csproj", "{9712BEBA-16A0-4BB1-90B0-D1B51C558885}"
EndProject
Project("{FAE04EC0-301F-11D3-BF4B-00C04F79EFBC}") = "Tyuiu.GoryaevTT.Sprint1.Task5.V2", "Tyuiu.GoryaevTT.Sprint1.Task5.V2\Tyuiu.GoryaevTT.Sprint1.Task5.V2.csproj", "{473C9AA4-4575-47C2-8F06-F0CC6AA90C43}"
EndProject
Project("{FAE04EC0-301F-11D3-BF4B-00C04F79EFBC}") = "Tyuiu.GoryaevTT.Sprint1.Task5.V2.Lib", "Tyuiu.GoryaevTT.Sprint1.Task5.V2.Lib\Tyuiu.GoryaevTT.Sprint1.Task5.V2.Lib.csproj", "{921DDBEC-60F2-476B-BC83-78B5AE28DC43}"
EndProject
Project("{FAE04EC0-301F-11D3-BF4B-00C04F79EFBC}") = "Tyuiu.GoryaevTT.Sprint1.Task5.V2.Test", "Tyuiu.GoryaevTT.Sprint1.Task5.V2.Test\Tyuiu.GoryaevTT.Sprint1.Task5.V2.Test.csproj", "{8A962B89-E7EA-4756-AF15-5DC7A8A04AFE}"
EndProject
Project("{FAE04EC0-301F-11D3-BF4B-00C04F79EFBC}") = "Tyuiu.GoryaevTT.Sprint1.Task6.V18", "Tyuiu.GoryaevTT.Sprint1.Task6.V18\Tyuiu.GoryaevTT.Sprint1.Task6.V18.csproj", "{66BEF2A0-7CD3-43C4-AF77-F1E20E42866F}"
EndProject
Project("{FAE04EC0-301F-11D3-BF4B-00C04F79EFBC}") = "Tyuiu.GoryaevTT.Sprint1.Task6.V18.Lib", "Tyuiu.GoryaevTT.Sprint1.Task6.V18.Lib\Tyuiu.GoryaevTT.Sprint1.Task6.V18.Lib.csproj", "{E7F663F2-5C8A-41EC-AB23-5F9294E60537}"
EndProject
Project("{FAE04EC0-301F-11D3-BF4B-00C04F79EFBC}") = "Tyuiu.GoryaevTT.Sprint1.Task6.V18.Test", "Tyuiu.GoryaevTT.Sprint1.Task6.V18.Test\Tyuiu.GoryaevTT.Sprint1.Task6.V18.Test.csproj", "{8B04A2FB-8292-47F9-905F-F05372483808}"
EndProject
Project("{FAE04EC0-301F-11D3-BF4B-00C04F79EFBC}") = "Tyuiu.GoryaevTT.Sprint1.Task7.V25", "Tyuiu.GoryaevTT.Sprint1.Task7.V25\Tyuiu.GoryaevTT.Sprint1.Task7.V25.csproj", "{9002E293-61AC-4AE3-8F38-F405C80364CE}"
EndProject
Project("{FAE04EC0-301F-11D3-BF4B-00C04F79EFBC}") = "Tyuiu.GoryaevTT.Sprint1.Task7.V25.Lib", "Tyuiu.GoryaevTT.Sprint1.Task7.V25.Lib\Tyuiu.GoryaevTT.Sprint1.Task7.V25.Lib.csproj", "{91BF68A9-7704-4677-884A-F1485E94B05E}"
EndProject
Project("{FAE04EC0-301F-11D3-BF4B-00C04F79EFBC}") = "Tyuiu.GoryaevTT.Sprint1.Task7.V25.Test", "Tyuiu.GoryaevTT.Sprint1.Task7.V25.Test\Tyuiu.GoryaevTT.Sprint1.Task7.V25.Test.csproj", "{07665B0F-5BC1-4766-A552-B026972AD221}"
EndProject
Global
	GlobalSection(SolutionConfigurationPlatforms) = preSolution
		Debug|Any CPU = Debug|Any CPU
		Release|Any CPU = Release|Any CPU
	EndGlobalSection
	GlobalSection(ProjectConfigurationPlatforms) = postSolution
		{59D15985-8DE4-42CB-94E5-D2C038C2ED59}.Debug|Any CPU.ActiveCfg = Debug|Any CPU
		{59D15985-8DE4-42CB-94E5-D2C038C2ED59}.Debug|Any CPU.Build.0 = Debug|Any CPU
		{59D15985-8DE4-42CB-94E5-D2C038C2ED59}.Release|Any CPU.ActiveCfg = Release|Any CPU
		{59D15985-8DE4-42CB-94E5-D2C038C2ED59}.Release|Any CPU.Build.0 = Release|Any CPU
		{CECADA30-5D3B-4A68-A942-D8A824F79752}.Debug|Any CPU.ActiveCfg = Debug|Any CPU
		{CECADA30-5D3B-4A68-A942-D8A824F79752}.Debug|Any CPU.Build.0 = Debug|Any CPU
		{CECADA30-5D3B-4A68-A942-D8A824F79752}.Release|Any CPU.ActiveCfg = Release|Any CPU
		{CECADA30-5D3B-4A68-A942-D8A824F79752}.Release|Any CPU.Build.0 = Release|Any CPU
		{F8F3D0AB-F428-422D-8DED-B534B6A52C36}.Debug|Any CPU.ActiveCfg = Debug|Any CPU
		{F8F3D0AB-F428-422D-8DED-B534B6A52C36}.Debug|Any CPU.Build.0 = Debug|Any CPU
		{F8F3D0AB-F428-422D-8DED-B534B6A52C36}.Release|Any CPU.ActiveCfg = Release|Any CPU
		{F8F3D0AB-F428-422D-8DED-B534B6A52C36}.Release|Any CPU.Build.0 = Release|Any CPU
		{8FD0686F-24BE-41FB-BA6C-8246A911A88C}.Debug|Any CPU.ActiveCfg = Debug|Any CPU
		{8FD0686F-24BE-41FB-BA6C-8246A911A88C}.Debug|Any CPU.Build.0 = Debug|Any CPU
		{8FD0686F-24BE-41FB-BA6C-8246A911A88C}.Release|Any CPU.ActiveCfg = Release|Any CPU
		{8FD0686F-24BE-41FB-BA6C-8246A911A88C}.Release|Any CPU.Build.0 = Release|Any CPU
		{5FE33F74-AA5D-45FA-B17E-B8D9B1D022CB}.Debug|Any CPU.ActiveCfg = Debug|Any CPU
		{5FE33F74-AA5D-45FA-B17E-B8D9B1D022CB}.Debug|Any CPU.Build.0 = Debug|Any CPU
		{5FE33F74-AA5D-45FA-B17E-B8D9B1D022CB}.Release|Any CPU.ActiveCfg = Release|Any CPU
		{5FE33F74-AA5D-45FA-B17E-B8D9B1D022CB}.Release|Any CPU.Build.0 = Release|Any CPU
		{164513F1-95A2-4046-B6AF-866806083031}.Debug|Any CPU.ActiveCfg = Debug|Any CPU
		{164513F1-95A2-4046-B6AF-866806083031}.Debug|Any CPU.Build.0 = Debug|Any CPU
		{164513F1-95A2-4046-B6AF-866806083031}.Release|Any CPU.ActiveCfg = Release|Any CPU
		{164513F1-95A2-4046-B6AF-866806083031}.Release|Any CPU.Build.0 = Release|Any CPU
		{95319EA0-01B8-4489-9AD4-08B7B2A64E73}.Debug|Any CPU.ActiveCfg = Debug|Any CPU
		{95319EA0-01B8-4489-9AD4-08B7B2A64E73}.Debug|Any CPU.Build.0 = Debug|Any CPU
		{95319EA0-01B8-4489-9AD4-08B7B2A64E73}.Release|Any CPU.ActiveCfg = Release|Any CPU
		{95319EA0-01B8-4489-9AD4-08B7B2A64E73}.Release|Any CPU.Build.0 = Release|Any CPU
		{DF1EABCF-DC59-418D-9D48-1E48E1485CA2}.Debug|Any CPU.ActiveCfg = Debug|Any CPU
		{DF1EABCF-DC59-418D-9D48-1E48E1485CA2}.Debug|Any CPU.Build.0 = Debug|Any CPU
		{DF1EABCF-DC59-418D-9D48-1E48E1485CA2}.Release|Any CPU.ActiveCfg = Release|Any CPU
		{DF1EABCF-DC59-418D-9D48-1E48E1485CA2}.Release|Any CPU.Build.0 = Release|Any CPU
		{91981895-D57E-48D0-9081-69C39DBD1B2E}.Debug|Any CPU.ActiveCfg = Debug|Any CPU
		{91981895-D57E-48D0-9081-69C39DBD1B2E}.Debug|Any CPU.Build.0 = Debug|Any CPU
		{91981895-D57E-48D0-9081-69C39DBD1B2E}.Release|Any CPU.ActiveCfg = Release|Any CPU
		{91981895-D57E-48D0-9081-69C39DBD1B2E}.Release|Any CPU.Build.0 = Release|Any CPU
		{F7A70D20-8B28-4676-B1B8-85CFD8A7BFBA}.Debug|Any CPU.ActiveCfg = Debug|Any CPU
		{F7A70D20-8B28-4676-B1B8-85CFD8A7BFBA}.Debug|Any CPU.Build.0 = Debug|Any CPU
		{F7A70D20-8B28-4676-B1B8-85CFD8A7BFBA}.Release|Any CPU.ActiveCfg = Release|Any CPU
		{F7A70D20-8B28-4676-B1B8-85CFD8A7BFBA}.Release|Any CPU.Build.0 = Release|Any CPU
		{2D5AFC54-0FB3-4E68-AB71-B59EF5F9D1F6}.Debug|Any CPU.ActiveCfg = Debug|Any CPU
		{2D5AFC54-0FB3-4E68-AB71-B59EF5F9D1F6}.Debug|Any CPU.Build.0 = Debug|Any CPU
		{2D5AFC54-0FB3-4E68-AB71-B59EF5F9D1F6}.Release|Any CPU.ActiveCfg = Release|Any CPU
		{2D5AFC54-0FB3-4E68-AB71-B59EF5F9D1F6}.Release|Any CPU.Build.0 = Release|Any CPU
		{D08BDEE0-631C-4AA6-8B48-DA79DA0A6F25}.Debug|Any CPU.ActiveCfg = Debug|Any CPU
		{D08BDEE0-631C-4AA6-8B48-DA79DA0A6F25}.Debug|Any CPU.Build.0 = Debug|Any CPU
		{D08BDEE0-631C-4AA6-8B48-DA79DA0A6F25}.Release|Any CPU.ActiveCfg = Release|Any CPU
		{D08BDEE0-631C-4AA6-8B48-DA79DA0A6F25}.Release|Any CPU.Build.0 = Release|Any CPU
		{F0CBA992-E08A-4DF4-B301-DD5B246D7603}.Debug|Any CPU.ActiveCfg = Debug|Any CPU
		{F0CBA992-E08A-4DF4-B301-DD5B246D7603}.Debug|Any CPU.Build.0 = Debug|Any CPU
		{F0CBA992-E08A-4DF4-B301-DD5B246D7603}.Release|Any CPU.ActiveCfg = Release|Any CPU
		{F0CBA992-E08A-4DF4-B301-DD5B246D7603}.Release|Any CPU.Build.0 = Release|Any CPU
		{331C1987-A01C-43AC-B693-072DB9AD56BE}.Debug|Any CPU.ActiveCfg = Debug|Any CPU
		{331C1987-A01C-43AC-B693-072DB9AD56BE}.Debug|Any CPU.Build.0 = Debug|Any CPU
		{331C1987-A01C-43AC-B693-072DB9AD56BE}.Release|Any CPU.ActiveCfg = Release|Any CPU
		{331C1987-A01C-43AC-B693-072DB9AD56BE}.Release|Any CPU.Build.0 = Release|Any CPU
		{9712BEBA-16A0-4BB1-90B0-D1B51C558885}.Debug|Any CPU.ActiveCfg = Debug|Any CPU
		{9712BEBA-16A0-4BB1-90B0-D1B51C558885}.Debug|Any CPU.Build.0 = Debug|Any CPU
		{9712BEBA-16A0-4BB1-90B0-D1B51C558885}.Release|Any CPU.ActiveCfg = Release|Any CPU
		{9712BEBA-16A0-4BB1-90B0-D1B51C558885}.Release|Any CPU.Build.0 = Release|Any CPU
		{473C9AA4-4575-47C2-8F06-F0CC6AA90C43}.Debug|Any CPU.ActiveCfg = Debug|Any CPU
		{473C9AA4-4575-47C2-8F06-F0CC6AA90C43}.Debug|Any CPU.Build.0 = Debug|Any CPU
		{473C9AA4-4575-47C2-8F06-F0CC6AA90C43}.Release|Any CPU.ActiveCfg = Release|Any CPU
		{473C9AA4-4575-47C2-8F06-F0CC6AA90C43}.Release|Any CPU.Build.0 = Release|Any CPU
		{921DDBEC-60F2-476B-BC83-78B5AE28DC43}.Debug|Any CPU.ActiveCfg = Debug|Any CPU
		{921DDBEC-60F2-476B-BC83-78B5AE28DC43}.Debug|Any CPU.Build.0 = Debug|Any CPU
		{921DDBEC-60F2-476B-BC83-78B5AE28DC43}.Release|Any CPU.ActiveCfg = Release|Any CPU
		{921DDBEC-60F2-476B-BC83-78B5AE28DC43}.Release|Any CPU.Build.0 = Release|Any CPU
		{8A962B89-E7EA-4756-AF15-5DC7A8A04AFE}.Debug|Any CPU.ActiveCfg = Debug|Any CPU
		{8A962B89-E7EA-4756-AF15-5DC7A8A04AFE}.Debug|Any CPU.Build.0 = Debug|Any CPU
		{8A962B89-E7EA-4756-AF15-5DC7A8A04AFE}.Release|Any CPU.ActiveCfg = Release|Any CPU
		{8A962B89-E7EA-4756-AF15-5DC7A8A04AFE}.Release|Any CPU.Build.0 = Release|Any CPU
		{66BEF2A0-7CD3-43C4-AF77-F1E20E42866F}.Debug|Any CPU.ActiveCfg = Debug|Any CPU
		{66BEF2A0-7CD3-43C4-AF77-F1E20E42866F}.Debug|Any CPU.Build.0 = Debug|Any CPU
		{66BEF2A0-7CD3-43C4-AF77-F1E20E42866F}.Release|Any CPU.ActiveCfg = Release|Any CPU
		{66BEF2A0-7CD3-43C4-AF77-F1E20E42866F}.Release|Any CPU.Build.0 = Release|Any CPU
		{E7F663F2-5C8A-41EC-AB23-5F9294E60537}.Debug|Any CPU.ActiveCfg = Debug|Any CPU
		{E7F663F2-5C8A-41EC-AB23-5F9294E60537}.Debug|Any CPU.Build.0 = Debug|Any CPU
		{E7F663F2-5C8A-41EC-AB23-5F9294E60537}.Release|Any CPU.ActiveCfg = Release|Any CPU
		{E7F663F2-5C8A-41EC-AB23-5F9294E60537}.Release|Any CPU.Build.0 = Release|Any CPU
		{8B04A2FB-8292-47F9-905F-F05372483808}.Debug|Any CPU.ActiveCfg = Debug|Any CPU
		{8B04A2FB-8292-47F9-905F-F05372483808}.Debug|Any CPU.Build.0 = Debug|Any CPU
		{8B04A2FB-8292-47F9-905F-F05372483808}.Release|Any CPU.ActiveCfg = Release|Any CPU
		{8B04A2FB-8292-47F9-905F-F05372483808}.Release|Any CPU.Build.0 = Release|Any CPU
		{9002E293-61AC-4AE3-8F38-F405C80364CE}.Debug|Any CPU.ActiveCfg = Debug|Any CPU
		{9002E293-61AC-4AE3-8F38-F405C80364CE}.Debug|Any CPU.Build.0 = Debug|Any CPU
		{9002E293-61AC-4AE3-8F38-F405C80364CE}.Release|Any CPU.ActiveCfg = Release|Any CPU
		{9002E293-61AC-4AE3-8F38-F405C80364CE}.Release|Any CPU.Build.0 = Release|Any CPU
		{91BF68A9-7704-4677-884A-F1485E94B05E}.Debug|Any CPU.ActiveCfg = Debug|Any CPU
		{91BF68A9-7704-4677-884A-F1485E94B05E}.Debug|Any CPU.Build.0 = Debug|Any CPU
		{91BF68A9-7704-4677-884A-F1485E94B05E}.Release|Any CPU.ActiveCfg = Release|Any CPU
		{91BF68A9-7704-4677-884A-F1485E94B05E}.Release|Any CPU.Build.0 = Release|Any CPU
		{07665B0F-5BC1-4766-A552-B026972AD221}.Debug|Any CPU.ActiveCfg = Debug|Any CPU
		{07665B0F-5BC1-4766-A552-B026972AD221}.Debug|Any CPU.Build.0 = Debug|Any CPU
		{07665B0F-5BC1-4766-A552-B026972AD221}.Release|Any CPU.ActiveCfg = Release|Any CPU
		{07665B0F-5BC1-4766-A552-B026972AD221}.Release|Any CPU.Build.0 = Release|Any CPU
	EndGlobalSection
	GlobalSection(SolutionProperties) = preSolution
		HideSolutionNode = FALSE
	EndGlobalSection
	GlobalSection(NestedProjects) = preSolution
		{59D15985-8DE4-42CB-94E5-D2C038C2ED59} = {02EA681E-C7D8-13C7-8484-4AC65E1B71E8}
		{CECADA30-5D3B-4A68-A942-D8A824F79752} = {02EA681E-C7D8-13C7-8484-4AC65E1B71E8}
		{F8F3D0AB-F428-422D-8DED-B534B6A52C36} = {02EA681E-C7D8-13C7-8484-4AC65E1B71E8}
		{8FD0686F-24BE-41FB-BA6C-8246A911A88C} = {7561BB03-6CA6-4C66-929A-714FA5FAB3D7}
		{5FE33F74-AA5D-45FA-B17E-B8D9B1D022CB} = {7561BB03-6CA6-4C66-929A-714FA5FAB3D7}
		{164513F1-95A2-4046-B6AF-866806083031} = {7561BB03-6CA6-4C66-929A-714FA5FAB3D7}
		{95319EA0-01B8-4489-9AD4-08B7B2A64E73} = {C2F55717-85EE-422E-BF69-85A9E7200778}
		{DF1EABCF-DC59-418D-9D48-1E48E1485CA2} = {C2F55717-85EE-422E-BF69-85A9E7200778}
		{91981895-D57E-48D0-9081-69C39DBD1B2E} = {C2F55717-85EE-422E-BF69-85A9E7200778}
		{F7A70D20-8B28-4676-B1B8-85CFD8A7BFBA} = {FB2695DE-6CD6-43F9-ACF4-134F06FA47DE}
		{2D5AFC54-0FB3-4E68-AB71-B59EF5F9D1F6} = {FB2695DE-6CD6-43F9-ACF4-134F06FA47DE}
		{D08BDEE0-631C-4AA6-8B48-DA79DA0A6F25} = {FB2695DE-6CD6-43F9-ACF4-134F06FA47DE}
		{F0CBA992-E08A-4DF4-B301-DD5B246D7603} = {1B81E4B0-D8AB-49B3-9830-6CAB48FE9508}
		{331C1987-A01C-43AC-B693-072DB9AD56BE} = {1B81E4B0-D8AB-49B3-9830-6CAB48FE9508}
		{9712BEBA-16A0-4BB1-90B0-D1B51C558885} = {1B81E4B0-D8AB-49B3-9830-6CAB48FE9508}
		{473C9AA4-4575-47C2-8F06-F0CC6AA90C43} = {20C19E6A-EFC0-4F27-A255-05BE9BC77637}
		{921DDBEC-60F2-476B-BC83-78B5AE28DC43} = {20C19E6A-EFC0-4F27-A255-05BE9BC77637}
		{8A962B89-E7EA-4756-AF15-5DC7A8A04AFE} = {20C19E6A-EFC0-4F27-A255-05BE9BC77637}
		{66BEF2A0-7CD3-43C4-AF77-F1E20E42866F} = {F82FE99B-06E6-44C7-9EC5-8FE8B6A918B9}
		{E7F663F2-5C8A-41EC-AB23-5F9294E60537} = {F82FE99B-06E6-44C7-9EC5-8FE8B6A918B9}
		{8B04A2FB-8292-47F9-905F-F05372483808} = {F82FE99B-06E6-44C7-9EC5-8FE8B6A918B9}
		{9002E293-61AC-4AE3-8F38-F405C80364CE} = {F1F04FDA-7F7C-4FF7-B0BA-C486B999EF6B}
		{91BF68A9-7704-4677-884A-F1485E94B05E} = {F1F04FDA-7F7C-4FF7-B0BA-C486B999EF6B}
		{07665B0F-5BC1-4766-A552-B026972AD221} = {F1F04FDA-7F7C-4FF7-B0BA-C486B999EF6B}
	EndGlobalSection
	GlobalSection(ExtensibilityGlobals) = postSolution
		SolutionGuid = {31D81EC3-C2FA-41B3-8678-B726892694E6}
	EndGlobalSection
EndGlobal
